
Microsoft Visual Studio Solution File, Format Version 12.00
# Visual Studio Version 16
VisualStudioVersion = 16.0.30413.136
MinimumVisualStudioVersion = 10.0.40219.1
Project("{9A19103F-16F7-4668-BE54-9A1E7A4F7556}") = "StarWars.ConsoleApp", "StarWars.ConsoleApp\StarWars.ConsoleApp.csproj", "{2F29D243-55A4-4A6A-9741-F0DA7D856638}"
EndProject
Project("{9A19103F-16F7-4668-BE54-9A1E7A4F7556}") = "StarWars.Application", "StarWars.Application\StarWars.Application.csproj", "{A84B260F-9C1F-4A52-8CB1-28C377560220}"
EndProject
Project("{9A19103F-16F7-4668-BE54-9A1E7A4F7556}") = "StarWars.Domain", "StarWars.Domain\StarWars.Domain.csproj", "{B8A5ABDE-1DD9-47CB-A5F2-BEB58387F284}"
EndProject
Project("{9A19103F-16F7-4668-BE54-9A1E7A4F7556}") = "StarWars.Infrastructure", "StarWars.Infrastructure\StarWars.Infrastructure.csproj", "{0F6340CA-8BC1-4606-A169-A06812D26B6A}"
EndProject
Project("{FAE04EC0-301F-11D3-BF4B-00C04F79EFBC}") = "StarWars.Tests", "StarWars.Tests\StarWars.Tests.csproj", "{1D08FEB0-DC77-45DC-A32B-45A483ADBB4E}"
EndProject
Global
	GlobalSection(SolutionConfigurationPlatforms) = preSolution
		Debug|Any CPU = Debug|Any CPU
		Release|Any CPU = Release|Any CPU
	EndGlobalSection
	GlobalSection(ProjectConfigurationPlatforms) = postSolution
		{2F29D243-55A4-4A6A-9741-F0DA7D856638}.Debug|Any CPU.ActiveCfg = Debug|Any CPU
		{2F29D243-55A4-4A6A-9741-F0DA7D856638}.Debug|Any CPU.Build.0 = Debug|Any CPU
		{2F29D243-55A4-4A6A-9741-F0DA7D856638}.Release|Any CPU.ActiveCfg = Release|Any CPU
		{2F29D243-55A4-4A6A-9741-F0DA7D856638}.Release|Any CPU.Build.0 = Release|Any CPU
		{A84B260F-9C1F-4A52-8CB1-28C377560220}.Debug|Any CPU.ActiveCfg = Debug|Any CPU
		{A84B260F-9C1F-4A52-8CB1-28C377560220}.Debug|Any CPU.Build.0 = Debug|Any CPU
		{A84B260F-9C1F-4A52-8CB1-28C377560220}.Release|Any CPU.ActiveCfg = Release|Any CPU
		{A84B260F-9C1F-4A52-8CB1-28C377560220}.Release|Any CPU.Build.0 = Release|Any CPU
		{B8A5ABDE-1DD9-47CB-A5F2-BEB58387F284}.Debug|Any CPU.ActiveCfg = Debug|Any CPU
		{B8A5ABDE-1DD9-47CB-A5F2-BEB58387F284}.Debug|Any CPU.Build.0 = Debug|Any CPU
		{B8A5ABDE-1DD9-47CB-A5F2-BEB58387F284}.Release|Any CPU.ActiveCfg = Release|Any CPU
		{B8A5ABDE-1DD9-47CB-A5F2-BEB58387F284}.Release|Any CPU.Build.0 = Release|Any CPU
		{0F6340CA-8BC1-4606-A169-A06812D26B6A}.Debug|Any CPU.ActiveCfg = Debug|Any CPU
		{0F6340CA-8BC1-4606-A169-A06812D26B6A}.Debug|Any CPU.Build.0 = Debug|Any CPU
		{0F6340CA-8BC1-4606-A169-A06812D26B6A}.Release|Any CPU.ActiveCfg = Release|Any CPU
		{0F6340CA-8BC1-4606-A169-A06812D26B6A}.Release|Any CPU.Build.0 = Release|Any CPU
		{1D08FEB0-DC77-45DC-A32B-45A483ADBB4E}.Debug|Any CPU.ActiveCfg = Debug|Any CPU
		{1D08FEB0-DC77-45DC-A32B-45A483ADBB4E}.Debug|Any CPU.Build.0 = Debug|Any CPU
		{1D08FEB0-DC77-45DC-A32B-45A483ADBB4E}.Release|Any CPU.ActiveCfg = Release|Any CPU
		{1D08FEB0-DC77-45DC-A32B-45A483ADBB4E}.Release|Any CPU.Build.0 = Release|Any CPU
	EndGlobalSection
	GlobalSection(SolutionProperties) = preSolution
		HideSolutionNode = FALSE
	EndGlobalSection
	GlobalSection(ExtensibilityGlobals) = postSolution
		SolutionGuid = {12478C04-8111-48FE-9348-32E4AB5086F1}
	EndGlobalSection
EndGlobal
